
Microsoft Visual Studio Solution File, Format Version 12.00
# Visual Studio Version 16
VisualStudioVersion = 16.0.30413.136
MinimumVisualStudioVersion = 10.0.40219.1
Project("{8BC9CEB8-8B4A-11D0-8D11-00A0C91BC942}") = "MidtermProject", "MidtermProject\MidtermProject.vcxitems", "{68489AB1-859B-48B6-A9D1-D949B8629453}"
EndProject
Project("{8BC9CEB8-8B4A-11D0-8D11-00A0C91BC942}") = "lion", "lion\lion.vcxproj", "{0ACDB772-B82A-4525-A510-713205BF3EAA}"
EndProject
Project("{8BC9CEB8-8B4A-11D0-8D11-00A0C91BC942}") = "tiger", "tiger\tiger.vcxproj", "{F50C653C-41C3-4F14-BAE6-F743E020EF15}"
EndProject
Project("{8BC9CEB8-8B4A-11D0-8D11-00A0C91BC942}") = "bear", "bear\bear.vcxproj", "{6992A60C-D6A6-4D60-A41C-B0A4A1A85472}"
EndProject
Project("{8BC9CEB8-8B4A-11D0-8D11-00A0C91BC942}") = "cages", "cages\cages.vcxproj", "{ACD971D5-03F7-46D4-A8EF-5D9CA7F0E774}"
	ProjectSection(ProjectDependencies) = postProject
		{6992A60C-D6A6-4D60-A41C-B0A4A1A85472} = {6992A60C-D6A6-4D60-A41C-B0A4A1A85472}
		{F50C653C-41C3-4F14-BAE6-F743E020EF15} = {F50C653C-41C3-4F14-BAE6-F743E020EF15}
		{0ACDB772-B82A-4525-A510-713205BF3EAA} = {0ACDB772-B82A-4525-A510-713205BF3EAA}
	EndProjectSection
EndProject
Project("{8BC9CEB8-8B4A-11D0-8D11-00A0C91BC942}") = "games", "games\games.vcxproj", "{4E1EBA85-D0E7-442A-B535-06F9C1D3F26D}"
	ProjectSection(ProjectDependencies) = postProject
		{6992A60C-D6A6-4D60-A41C-B0A4A1A85472} = {6992A60C-D6A6-4D60-A41C-B0A4A1A85472}
		{F50C653C-41C3-4F14-BAE6-F743E020EF15} = {F50C653C-41C3-4F14-BAE6-F743E020EF15}
		{0ACDB772-B82A-4525-A510-713205BF3EAA} = {0ACDB772-B82A-4525-A510-713205BF3EAA}
	EndProjectSection
EndProject
Project("{8BC9CEB8-8B4A-11D0-8D11-00A0C91BC942}") = "zoo", "zoo\zoo.vcxproj", "{9918E235-CAFD-4DC2-B6CD-A778D9E72373}"
	ProjectSection(ProjectDependencies) = postProject
		{4E1EBA85-D0E7-442A-B535-06F9C1D3F26D} = {4E1EBA85-D0E7-442A-B535-06F9C1D3F26D}
		{ACD971D5-03F7-46D4-A8EF-5D9CA7F0E774} = {ACD971D5-03F7-46D4-A8EF-5D9CA7F0E774}
	EndProjectSection
EndProject
Project("{8BC9CEB8-8B4A-11D0-8D11-00A0C91BC942}") = "ui", "ui\ui.vcxproj", "{61780CA1-5AD5-404D-8388-5B073FB5BBE0}"
EndProject
Project("{8BC9CEB8-8B4A-11D0-8D11-00A0C91BC942}") = "zookeeper-ui", "zookeeper-ui\zookeeper-ui.vcxproj", "{C8636BEC-E9DC-4158-9E16-89F96A59CB53}"
	ProjectSection(ProjectDependencies) = postProject
		{61780CA1-5AD5-404D-8388-5B073FB5BBE0} = {61780CA1-5AD5-404D-8388-5B073FB5BBE0}
	EndProjectSection
EndProject
Project("{8BC9CEB8-8B4A-11D0-8D11-00A0C91BC942}") = "zookeeper-cli", "zookeeper-cli\zookeeper-cli.vcxproj", "{710A86DD-6BC7-4B1A-AE0E-57305D5FBE9A}"
	ProjectSection(ProjectDependencies) = postProject
		{9918E235-CAFD-4DC2-B6CD-A778D9E72373} = {9918E235-CAFD-4DC2-B6CD-A778D9E72373}
	EndProjectSection
EndProject
Global
	GlobalSection(SolutionConfigurationPlatforms) = preSolution
		Debug|x64 = Debug|x64
		Debug|x86 = Debug|x86
		Release|x64 = Release|x64
		Release|x86 = Release|x86
	EndGlobalSection
	GlobalSection(ProjectConfigurationPlatforms) = postSolution
		{0ACDB772-B82A-4525-A510-713205BF3EAA}.Debug|x64.ActiveCfg = Debug|x64
		{0ACDB772-B82A-4525-A510-713205BF3EAA}.Debug|x64.Build.0 = Debug|x64
		{0ACDB772-B82A-4525-A510-713205BF3EAA}.Debug|x86.ActiveCfg = Debug|Win32
		{0ACDB772-B82A-4525-A510-713205BF3EAA}.Debug|x86.Build.0 = Debug|Win32
		{0ACDB772-B82A-4525-A510-713205BF3EAA}.Release|x64.ActiveCfg = Release|x64
		{0ACDB772-B82A-4525-A510-713205BF3EAA}.Release|x64.Build.0 = Release|x64
		{0ACDB772-B82A-4525-A510-713205BF3EAA}.Release|x86.ActiveCfg = Release|Win32
		{0ACDB772-B82A-4525-A510-713205BF3EAA}.Release|x86.Build.0 = Release|Win32
		{F50C653C-41C3-4F14-BAE6-F743E020EF15}.Debug|x64.ActiveCfg = Debug|x64
		{F50C653C-41C3-4F14-BAE6-F743E020EF15}.Debug|x64.Build.0 = Debug|x64
		{F50C653C-41C3-4F14-BAE6-F743E020EF15}.Debug|x86.ActiveCfg = Debug|Win32
		{F50C653C-41C3-4F14-BAE6-F743E020EF15}.Debug|x86.Build.0 = Debug|Win32
		{F50C653C-41C3-4F14-BAE6-F743E020EF15}.Release|x64.ActiveCfg = Release|x64
		{F50C653C-41C3-4F14-BAE6-F743E020EF15}.Release|x64.Build.0 = Release|x64
		{F50C653C-41C3-4F14-BAE6-F743E020EF15}.Release|x86.ActiveCfg = Release|Win32
		{F50C653C-41C3-4F14-BAE6-F743E020EF15}.Release|x86.Build.0 = Release|Win32
		{6992A60C-D6A6-4D60-A41C-B0A4A1A85472}.Debug|x64.ActiveCfg = Debug|x64
		{6992A60C-D6A6-4D60-A41C-B0A4A1A85472}.Debug|x64.Build.0 = Debug|x64
		{6992A60C-D6A6-4D60-A41C-B0A4A1A85472}.Debug|x86.ActiveCfg = Debug|Win32
		{6992A60C-D6A6-4D60-A41C-B0A4A1A85472}.Debug|x86.Build.0 = Debug|Win32
		{6992A60C-D6A6-4D60-A41C-B0A4A1A85472}.Release|x64.ActiveCfg = Release|x64
		{6992A60C-D6A6-4D60-A41C-B0A4A1A85472}.Release|x64.Build.0 = Release|x64
		{6992A60C-D6A6-4D60-A41C-B0A4A1A85472}.Release|x86.ActiveCfg = Release|Win32
		{6992A60C-D6A6-4D60-A41C-B0A4A1A85472}.Release|x86.Build.0 = Release|Win32
		{ACD971D5-03F7-46D4-A8EF-5D9CA7F0E774}.Debug|x64.ActiveCfg = Debug|x64
		{ACD971D5-03F7-46D4-A8EF-5D9CA7F0E774}.Debug|x64.Build.0 = Debug|x64
		{ACD971D5-03F7-46D4-A8EF-5D9CA7F0E774}.Debug|x86.ActiveCfg = Debug|Win32
		{ACD971D5-03F7-46D4-A8EF-5D9CA7F0E774}.Debug|x86.Build.0 = Debug|Win32
		{ACD971D5-03F7-46D4-A8EF-5D9CA7F0E774}.Release|x64.ActiveCfg = Release|x64
		{ACD971D5-03F7-46D4-A8EF-5D9CA7F0E774}.Release|x64.Build.0 = Release|x64
		{ACD971D5-03F7-46D4-A8EF-5D9CA7F0E774}.Release|x86.ActiveCfg = Release|Win32
		{ACD971D5-03F7-46D4-A8EF-5D9CA7F0E774}.Release|x86.Build.0 = Release|Win32
		{4E1EBA85-D0E7-442A-B535-06F9C1D3F26D}.Debug|x64.ActiveCfg = Debug|x64
		{4E1EBA85-D0E7-442A-B535-06F9C1D3F26D}.Debug|x64.Build.0 = Debug|x64
		{4E1EBA85-D0E7-442A-B535-06F9C1D3F26D}.Debug|x86.ActiveCfg = Debug|Win32
		{4E1EBA85-D0E7-442A-B535-06F9C1D3F26D}.Debug|x86.Build.0 = Debug|Win32
		{4E1EBA85-D0E7-442A-B535-06F9C1D3F26D}.Release|x64.ActiveCfg = Release|x64
		{4E1EBA85-D0E7-442A-B535-06F9C1D3F26D}.Release|x64.Build.0 = Release|x64
		{4E1EBA85-D0E7-442A-B535-06F9C1D3F26D}.Release|x86.ActiveCfg = Release|Win32
		{4E1EBA85-D0E7-442A-B535-06F9C1D3F26D}.Release|x86.Build.0 = Release|Win32
		{9918E235-CAFD-4DC2-B6CD-A778D9E72373}.Debug|x64.ActiveCfg = Debug|x64
		{9918E235-CAFD-4DC2-B6CD-A778D9E72373}.Debug|x64.Build.0 = Debug|x64
		{9918E235-CAFD-4DC2-B6CD-A778D9E72373}.Debug|x86.ActiveCfg = Debug|Win32
		{9918E235-CAFD-4DC2-B6CD-A778D9E72373}.Debug|x86.Build.0 = Debug|Win32
		{9918E235-CAFD-4DC2-B6CD-A778D9E72373}.Release|x64.ActiveCfg = Release|x64
		{9918E235-CAFD-4DC2-B6CD-A778D9E72373}.Release|x64.Build.0 = Release|x64
		{9918E235-CAFD-4DC2-B6CD-A778D9E72373}.Release|x86.ActiveCfg = Release|Win32
		{9918E235-CAFD-4DC2-B6CD-A778D9E72373}.Release|x86.Build.0 = Release|Win32
		{61780CA1-5AD5-404D-8388-5B073FB5BBE0}.Debug|x64.ActiveCfg = Debug|x64
		{61780CA1-5AD5-404D-8388-5B073FB5BBE0}.Debug|x64.Build.0 = Debug|x64
		{61780CA1-5AD5-404D-8388-5B073FB5BBE0}.Debug|x86.ActiveCfg = Debug|Win32
		{61780CA1-5AD5-404D-8388-5B073FB5BBE0}.Debug|x86.Build.0 = Debug|Win32
		{61780CA1-5AD5-404D-8388-5B073FB5BBE0}.Release|x64.ActiveCfg = Release|x64
		{61780CA1-5AD5-404D-8388-5B073FB5BBE0}.Release|x64.Build.0 = Release|x64
		{61780CA1-5AD5-404D-8388-5B073FB5BBE0}.Release|x86.ActiveCfg = Release|Win32
		{61780CA1-5AD5-404D-8388-5B073FB5BBE0}.Release|x86.Build.0 = Release|Win32
		{C8636BEC-E9DC-4158-9E16-89F96A59CB53}.Debug|x64.ActiveCfg = Debug|x64
		{C8636BEC-E9DC-4158-9E16-89F96A59CB53}.Debug|x64.Build.0 = Debug|x64
		{C8636BEC-E9DC-4158-9E16-89F96A59CB53}.Debug|x86.ActiveCfg = Debug|Win32
		{C8636BEC-E9DC-4158-9E16-89F96A59CB53}.Debug|x86.Build.0 = Debug|Win32
		{C8636BEC-E9DC-4158-9E16-89F96A59CB53}.Release|x64.ActiveCfg = Release|x64
		{C8636BEC-E9DC-4158-9E16-89F96A59CB53}.Release|x64.Build.0 = Release|x64
		{C8636BEC-E9DC-4158-9E16-89F96A59CB53}.Release|x86.ActiveCfg = Release|Win32
		{C8636BEC-E9DC-4158-9E16-89F96A59CB53}.Release|x86.Build.0 = Release|Win32
		{710A86DD-6BC7-4B1A-AE0E-57305D5FBE9A}.Debug|x64.ActiveCfg = Debug|x64
		{710A86DD-6BC7-4B1A-AE0E-57305D5FBE9A}.Debug|x64.Build.0 = Debug|x64
		{710A86DD-6BC7-4B1A-AE0E-57305D5FBE9A}.Debug|x86.ActiveCfg = Debug|Win32
		{710A86DD-6BC7-4B1A-AE0E-57305D5FBE9A}.Debug|x86.Build.0 = Debug|Win32
		{710A86DD-6BC7-4B1A-AE0E-57305D5FBE9A}.Release|x64.ActiveCfg = Release|x64
		{710A86DD-6BC7-4B1A-AE0E-57305D5FBE9A}.Release|x64.Build.0 = Release|x64
		{710A86DD-6BC7-4B1A-AE0E-57305D5FBE9A}.Release|x86.ActiveCfg = Release|Win32
		{710A86DD-6BC7-4B1A-AE0E-57305D5FBE9A}.Release|x86.Build.0 = Release|Win32
	EndGlobalSection
	GlobalSection(SolutionProperties) = preSolution
		HideSolutionNode = FALSE
	EndGlobalSection
	GlobalSection(ExtensibilityGlobals) = postSolution
		SolutionGuid = {785757B2-9E3B-4ADD-88AC-7BE351B8FE19}
	EndGlobalSection
EndGlobal
